
Microsoft Visual Studio Solution File, Format Version 12.00
# Visual Studio 14
VisualStudioVersion = 14.0.25420.1
MinimumVisualStudioVersion = 10.0.40219.1
Project("{8BC9CEB8-8B4A-11D0-8D11-00A0C91BC942}") = "FLOPPER", "FLOPPER\FLOPPER.vcxproj", "{C2AFCD96-279C-4D43-8F47-95519D564667}"
EndProject
Project("{FAE04EC0-301F-11D3-BF4B-00C04F79EFBC}") = "FLOPPER-ui", "FLOPPER-ui\FLOPPER-ui.csproj", "{0ED9C90C-D456-4EFF-8465-A4D3BDA662C5}"
EndProject
Global
	GlobalSection(SolutionConfigurationPlatforms) = preSolution
		Debug|Any CPU = Debug|Any CPU
		Debug|x64 = Debug|x64
		Debug|x86 = Debug|x86
		Release|Any CPU = Release|Any CPU
		Release|x64 = Release|x64
		Release|x86 = Release|x86
	EndGlobalSection
	GlobalSection(ProjectConfigurationPlatforms) = postSolution
		{C2AFCD96-279C-4D43-8F47-95519D564667}.Debug|Any CPU.ActiveCfg = Debug|Win32
		{C2AFCD96-279C-4D43-8F47-95519D564667}.Debug|x64.ActiveCfg = Debug|x64
		{C2AFCD96-279C-4D43-8F47-95519D564667}.Debug|x64.Build.0 = Debug|x64
		{C2AFCD96-279C-4D43-8F47-95519D564667}.Debug|x86.ActiveCfg = Debug|Win32
		{C2AFCD96-279C-4D43-8F47-95519D564667}.Debug|x86.Build.0 = Debug|Win32
		{C2AFCD96-279C-4D43-8F47-95519D564667}.Release|Any CPU.ActiveCfg = Release|Win32
		{C2AFCD96-279C-4D43-8F47-95519D564667}.Release|x64.ActiveCfg = Release|x64
		{C2AFCD96-279C-4D43-8F47-95519D564667}.Release|x64.Build.0 = Release|x64
		{C2AFCD96-279C-4D43-8F47-95519D564667}.Release|x86.ActiveCfg = Release|Win32
		{C2AFCD96-279C-4D43-8F47-95519D564667}.Release|x86.Build.0 = Release|Win32
		{0ED9C90C-D456-4EFF-8465-A4D3BDA662C5}.Debug|Any CPU.ActiveCfg = Debug|Any CPU
		{0ED9C90C-D456-4EFF-8465-A4D3BDA662C5}.Debug|Any CPU.Build.0 = Debug|Any CPU
		{0ED9C90C-D456-4EFF-8465-A4D3BDA662C5}.Debug|x64.ActiveCfg = Debug|Any CPU
		{0ED9C90C-D456-4EFF-8465-A4D3BDA662C5}.Debug|x64.Build.0 = Debug|Any CPU
		{0ED9C90C-D456-4EFF-8465-A4D3BDA662C5}.Debug|x86.ActiveCfg = Debug|Any CPU
		{0ED9C90C-D456-4EFF-8465-A4D3BDA662C5}.Debug|x86.Build.0 = Debug|Any CPU
		{0ED9C90C-D456-4EFF-8465-A4D3BDA662C5}.Release|Any CPU.ActiveCfg = Release|Any CPU
		{0ED9C90C-D456-4EFF-8465-A4D3BDA662C5}.Release|Any CPU.Build.0 = Release|Any CPU
		{0ED9C90C-D456-4EFF-8465-A4D3BDA662C5}.Release|x64.ActiveCfg = Release|Any CPU
		{0ED9C90C-D456-4EFF-8465-A4D3BDA662C5}.Release|x64.Build.0 = Release|Any CPU
		{0ED9C90C-D456-4EFF-8465-A4D3BDA662C5}.Release|x86.ActiveCfg = Release|Any CPU
		{0ED9C90C-D456-4EFF-8465-A4D3BDA662C5}.Release|x86.Build.0 = Release|Any CPU
	EndGlobalSection
	GlobalSection(SolutionProperties) = preSolution
		HideSolutionNode = FALSE
	EndGlobalSection
EndGlobal
